// !$*UTF8*$!
{
	archiveVersion = 1;
	classes = {
	};
	objectVersion = 50;
	objects = {

/* Begin PBXBuildFile section */
		C456B2EC25174CF300FE22DD /* Charts.framework in Frameworks */ = {isa = PBXBuildFile; fileRef = C456B2E525174CDF00FE22DD /* Charts.framework */; };
		C456B2ED25174CF300FE22DD /* Charts.framework in Embed Frameworks */ = {isa = PBXBuildFile; fileRef = C456B2E525174CDF00FE22DD /* Charts.framework */; settings = {ATTRIBUTES = (CodeSignOnCopy, RemoveHeadersOnCopy, ); }; };
		C46AE0DD2467F1880013CE1C /* ParametersView.swift in Sources */ = {isa = PBXBuildFile; fileRef = C46AE0DC2467F1880013CE1C /* ParametersView.swift */; };
		C47B84B82461360300760217 /* LineChartView.swift in Sources */ = {isa = PBXBuildFile; fileRef = C47B84B72461360300760217 /* LineChartView.swift */; };
		C4B50EEF2455BCD0002384A9 /* AppDelegate.swift in Sources */ = {isa = PBXBuildFile; fileRef = C4B50EEE2455BCD0002384A9 /* AppDelegate.swift */; };
		C4B50EF12455BCD0002384A9 /* SceneDelegate.swift in Sources */ = {isa = PBXBuildFile; fileRef = C4B50EF02455BCD0002384A9 /* SceneDelegate.swift */; };
		C4B50EF32455BCD0002384A9 /* ContentView.swift in Sources */ = {isa = PBXBuildFile; fileRef = C4B50EF22455BCD0002384A9 /* ContentView.swift */; };
		C4B50EF52455BCD3002384A9 /* Assets.xcassets in Resources */ = {isa = PBXBuildFile; fileRef = C4B50EF42455BCD3002384A9 /* Assets.xcassets */; };
		C4B50EF82455BCD3002384A9 /* Preview Assets.xcassets in Resources */ = {isa = PBXBuildFile; fileRef = C4B50EF72455BCD3002384A9 /* Preview Assets.xcassets */; };
		C4B50EFB2455BCD3002384A9 /* LaunchScreen.storyboard in Resources */ = {isa = PBXBuildFile; fileRef = C4B50EF92455BCD3002384A9 /* LaunchScreen.storyboard */; };
		C4B50F202455DE72002384A9 /* data.csv in Resources */ = {isa = PBXBuildFile; fileRef = C4B50F1F2455DE72002384A9 /* data.csv */; };
		C4B50F242455E439002384A9 /* Data.swift in Sources */ = {isa = PBXBuildFile; fileRef = C4B50F232455E439002384A9 /* Data.swift */; };
		C4B7CA0E24702776005EB335 /* PredictionView.swift in Sources */ = {isa = PBXBuildFile; fileRef = C4B7CA0D24702776005EB335 /* PredictionView.swift */; };
		C4B7CA12247050A2005EB335 /* SingleParameterView.swift in Sources */ = {isa = PBXBuildFile; fileRef = C4B7CA11247050A1005EB335 /* SingleParameterView.swift */; };
		C4D8E2EC24617415000AA11E /* LinearRegression.swift in Sources */ = {isa = PBXBuildFile; fileRef = C4D8E2EB24617415000AA11E /* LinearRegression.swift */; };
		C4D8E2F02461746A000AA11E /* GradientDescent.swift in Sources */ = {isa = PBXBuildFile; fileRef = C4D8E2EF2461746A000AA11E /* GradientDescent.swift */; };
/* End PBXBuildFile section */

/* Begin PBXContainerItemProxy section */
		C456B2E425174CDF00FE22DD /* PBXContainerItemProxy */ = {
			isa = PBXContainerItemProxy;
			containerPortal = C456B2DF25174CDF00FE22DD /* Charts.xcodeproj */;
			proxyType = 2;
			remoteGlobalIDString = 65AD9E95D9ED4DC0BD73A743;
			remoteInfo = Charts;
		};
		C456B2E625174CDF00FE22DD /* PBXContainerItemProxy */ = {
			isa = PBXContainerItemProxy;
			containerPortal = C456B2DF25174CDF00FE22DD /* Charts.xcodeproj */;
			proxyType = 2;
			remoteGlobalIDString = 1CBBC58C6CE1EBEE9852CE41;
			remoteInfo = ChartsTests;
		};
		C4B50F022455BCD4002384A9 /* PBXContainerItemProxy */ = {
			isa = PBXContainerItemProxy;
			containerPortal = C4B50EE32455BCCF002384A9 /* Project object */;
			proxyType = 1;
			remoteGlobalIDString = C4B50EEA2455BCCF002384A9;
			remoteInfo = ft_linear_regression;
		};
		C4B50F0D2455BCD4002384A9 /* PBXContainerItemProxy */ = {
			isa = PBXContainerItemProxy;
			containerPortal = C4B50EE32455BCCF002384A9 /* Project object */;
			proxyType = 1;
			remoteGlobalIDString = C4B50EEA2455BCCF002384A9;
			remoteInfo = ft_linear_regression;
		};
/* End PBXContainerItemProxy section */

/* Begin PBXCopyFilesBuildPhase section */
		C4A3308E245ECA4600B16AEB /* Embed Frameworks */ = {
			isa = PBXCopyFilesBuildPhase;
			buildActionMask = 2147483647;
			dstPath = "";
			dstSubfolderSpec = 10;
			files = (
				C456B2ED25174CF300FE22DD /* Charts.framework in Embed Frameworks */,
			);
			name = "Embed Frameworks";
			runOnlyForDeploymentPostprocessing = 0;
		};
/* End PBXCopyFilesBuildPhase section */

/* Begin PBXFileReference section */
		C456B2DF25174CDF00FE22DD /* Charts.xcodeproj */ = {isa = PBXFileReference; lastKnownFileType = "wrapper.pb-project"; name = Charts.xcodeproj; path = ../../Charts/Charts.xcodeproj; sourceTree = "<group>"; };
		C46AE0DC2467F1880013CE1C /* ParametersView.swift */ = {isa = PBXFileReference; lastKnownFileType = sourcecode.swift; path = ParametersView.swift; sourceTree = "<group>"; };
		C47B84B72461360300760217 /* LineChartView.swift */ = {isa = PBXFileReference; lastKnownFileType = sourcecode.swift; path = LineChartView.swift; sourceTree = "<group>"; };
		C4B50EEB2455BCCF002384A9 /* ft_linear_regression.app */ = {isa = PBXFileReference; explicitFileType = wrapper.application; includeInIndex = 0; path = ft_linear_regression.app; sourceTree = BUILT_PRODUCTS_DIR; };
		C4B50EEE2455BCD0002384A9 /* AppDelegate.swift */ = {isa = PBXFileReference; lastKnownFileType = sourcecode.swift; path = AppDelegate.swift; sourceTree = "<group>"; };
		C4B50EF02455BCD0002384A9 /* SceneDelegate.swift */ = {isa = PBXFileReference; lastKnownFileType = sourcecode.swift; path = SceneDelegate.swift; sourceTree = "<group>"; };
		C4B50EF22455BCD0002384A9 /* ContentView.swift */ = {isa = PBXFileReference; lastKnownFileType = sourcecode.swift; path = ContentView.swift; sourceTree = "<group>"; };
		C4B50EF42455BCD3002384A9 /* Assets.xcassets */ = {isa = PBXFileReference; lastKnownFileType = folder.assetcatalog; path = Assets.xcassets; sourceTree = "<group>"; };
		C4B50EF72455BCD3002384A9 /* Preview Assets.xcassets */ = {isa = PBXFileReference; lastKnownFileType = folder.assetcatalog; path = "Preview Assets.xcassets"; sourceTree = "<group>"; };
		C4B50EFA2455BCD3002384A9 /* Base */ = {isa = PBXFileReference; lastKnownFileType = file.storyboard; name = Base; path = Base.lproj/LaunchScreen.storyboard; sourceTree = "<group>"; };
		C4B50EFC2455BCD3002384A9 /* Info.plist */ = {isa = PBXFileReference; lastKnownFileType = text.plist.xml; path = Info.plist; sourceTree = "<group>"; };
		C4B50F012455BCD4002384A9 /* ft_linear_regressionTests.xctest */ = {isa = PBXFileReference; explicitFileType = wrapper.cfbundle; includeInIndex = 0; path = ft_linear_regressionTests.xctest; sourceTree = BUILT_PRODUCTS_DIR; };
		C4B50F0C2455BCD4002384A9 /* ft_linear_regressionUITests.xctest */ = {isa = PBXFileReference; explicitFileType = wrapper.cfbundle; includeInIndex = 0; path = ft_linear_regressionUITests.xctest; sourceTree = BUILT_PRODUCTS_DIR; };
		C4B50F1F2455DE72002384A9 /* data.csv */ = {isa = PBXFileReference; fileEncoding = 4; lastKnownFileType = text; name = data.csv; path = ../../data/data.csv; sourceTree = "<group>"; };
		C4B50F232455E439002384A9 /* Data.swift */ = {isa = PBXFileReference; lastKnownFileType = sourcecode.swift; path = Data.swift; sourceTree = "<group>"; };
		C4B7CA0D24702776005EB335 /* PredictionView.swift */ = {isa = PBXFileReference; lastKnownFileType = sourcecode.swift; path = PredictionView.swift; sourceTree = "<group>"; };
		C4B7CA11247050A1005EB335 /* SingleParameterView.swift */ = {isa = PBXFileReference; lastKnownFileType = sourcecode.swift; path = SingleParameterView.swift; sourceTree = "<group>"; };
		C4D8E2EB24617415000AA11E /* LinearRegression.swift */ = {isa = PBXFileReference; lastKnownFileType = sourcecode.swift; path = LinearRegression.swift; sourceTree = "<group>"; };
		C4D8E2EF2461746A000AA11E /* GradientDescent.swift */ = {isa = PBXFileReference; lastKnownFileType = sourcecode.swift; path = GradientDescent.swift; sourceTree = "<group>"; };
/* End PBXFileReference section */

/* Begin PBXFrameworksBuildPhase section */
		C4B50EE82455BCCF002384A9 /* Frameworks */ = {
			isa = PBXFrameworksBuildPhase;
			buildActionMask = 2147483647;
			files = (
				C456B2EC25174CF300FE22DD /* Charts.framework in Frameworks */,
			);
			runOnlyForDeploymentPostprocessing = 0;
		};
		C4B50EFE2455BCD4002384A9 /* Frameworks */ = {
			isa = PBXFrameworksBuildPhase;
			buildActionMask = 2147483647;
			files = (
			);
			runOnlyForDeploymentPostprocessing = 0;
		};
		C4B50F092455BCD4002384A9 /* Frameworks */ = {
			isa = PBXFrameworksBuildPhase;
			buildActionMask = 2147483647;
			files = (
			);
			runOnlyForDeploymentPostprocessing = 0;
		};
/* End PBXFrameworksBuildPhase section */

/* Begin PBXGroup section */
		C456B2E025174CDF00FE22DD /* Products */ = {
			isa = PBXGroup;
			children = (
				C456B2E525174CDF00FE22DD /* Charts.framework */,
				C456B2E725174CDF00FE22DD /* ChartsTests.xctest */,
			);
			name = Products;
			sourceTree = "<group>";
		};
		C460F74025174AA60084BEFA /* Frameworks */ = {
			isa = PBXGroup;
			children = (
			);
			name = Frameworks;
			sourceTree = "<group>";
		};
		C4B50EE22455BCCF002384A9 = {
			isa = PBXGroup;
			children = (
				C456B2DF25174CDF00FE22DD /* Charts.xcodeproj */,
				C4B50F1E2455DE20002384A9 /* data */,
				C4B50EED2455BCD0002384A9 /* ft_linear_regression */,
				C4B50EEC2455BCCF002384A9 /* Products */,
				C460F74025174AA60084BEFA /* Frameworks */,
			);
			sourceTree = "<group>";
		};
		C4B50EEC2455BCCF002384A9 /* Products */ = {
			isa = PBXGroup;
			children = (
				C4B50EEB2455BCCF002384A9 /* ft_linear_regression.app */,
				C4B50F012455BCD4002384A9 /* ft_linear_regressionTests.xctest */,
				C4B50F0C2455BCD4002384A9 /* ft_linear_regressionUITests.xctest */,
			);
			name = Products;
			sourceTree = "<group>";
		};
		C4B50EED2455BCD0002384A9 /* ft_linear_regression */ = {
			isa = PBXGroup;
			children = (
				C4B50EEE2455BCD0002384A9 /* AppDelegate.swift */,
				C4B50EF02455BCD0002384A9 /* SceneDelegate.swift */,
				C4B7CA1324711FCA005EB335 /* Views */,
				C4B50EF42455BCD3002384A9 /* Assets.xcassets */,
				C4B50EF92455BCD3002384A9 /* LaunchScreen.storyboard */,
				C4B50EFC2455BCD3002384A9 /* Info.plist */,
				C4B50EF62455BCD3002384A9 /* Preview Content */,
				C4B50F232455E439002384A9 /* Data.swift */,
				C4D8E2EB24617415000AA11E /* LinearRegression.swift */,
				C4D8E2EF2461746A000AA11E /* GradientDescent.swift */,
			);
			path = ft_linear_regression;
			sourceTree = "<group>";
		};
		C4B50EF62455BCD3002384A9 /* Preview Content */ = {
			isa = PBXGroup;
			children = (
				C4B50EF72455BCD3002384A9 /* Preview Assets.xcassets */,
			);
			path = "Preview Content";
			sourceTree = "<group>";
		};
		C4B50F1E2455DE20002384A9 /* data */ = {
			isa = PBXGroup;
			children = (
				C4B50F1F2455DE72002384A9 /* data.csv */,
			);
			path = data;
			sourceTree = "<group>";
		};
		C4B7CA1324711FCA005EB335 /* Views */ = {
			isa = PBXGroup;
			children = (
				C47B84B72461360300760217 /* LineChartView.swift */,
				C4B50EF22455BCD0002384A9 /* ContentView.swift */,
				C46AE0DC2467F1880013CE1C /* ParametersView.swift */,
				C4B7CA0D24702776005EB335 /* PredictionView.swift */,
				C4B7CA11247050A1005EB335 /* SingleParameterView.swift */,
			);
			path = Views;
			sourceTree = "<group>";
		};
/* End PBXGroup section */

/* Begin PBXNativeTarget section */
		C4B50EEA2455BCCF002384A9 /* ft_linear_regression */ = {
			isa = PBXNativeTarget;
			buildConfigurationList = C4B50F152455BCD4002384A9 /* Build configuration list for PBXNativeTarget "ft_linear_regression" */;
			buildPhases = (
				C4B50EE72455BCCF002384A9 /* Sources */,
				C4B50EE82455BCCF002384A9 /* Frameworks */,
				C4B50EE92455BCCF002384A9 /* Resources */,
				C4A3308E245ECA4600B16AEB /* Embed Frameworks */,
			);
			buildRules = (
			);
			dependencies = (
			);
			name = ft_linear_regression;
			packageProductDependencies = (
			);
			productName = ft_linear_regression;
			productReference = C4B50EEB2455BCCF002384A9 /* ft_linear_regression.app */;
			productType = "com.apple.product-type.application";
		};
		C4B50F002455BCD4002384A9 /* ft_linear_regressionTests */ = {
			isa = PBXNativeTarget;
			buildConfigurationList = C4B50F182455BCD4002384A9 /* Build configuration list for PBXNativeTarget "ft_linear_regressionTests" */;
			buildPhases = (
				C4B50EFD2455BCD4002384A9 /* Sources */,
				C4B50EFE2455BCD4002384A9 /* Frameworks */,
				C4B50EFF2455BCD4002384A9 /* Resources */,
			);
			buildRules = (
			);
			dependencies = (
				C4B50F032455BCD4002384A9 /* PBXTargetDependency */,
			);
			name = ft_linear_regressionTests;
			productName = ft_linear_regressionTests;
			productReference = C4B50F012455BCD4002384A9 /* ft_linear_regressionTests.xctest */;
			productType = "com.apple.product-type.bundle.unit-test";
		};
		C4B50F0B2455BCD4002384A9 /* ft_linear_regressionUITests */ = {
			isa = PBXNativeTarget;
			buildConfigurationList = C4B50F1B2455BCD4002384A9 /* Build configuration list for PBXNativeTarget "ft_linear_regressionUITests" */;
			buildPhases = (
				C4B50F082455BCD4002384A9 /* Sources */,
				C4B50F092455BCD4002384A9 /* Frameworks */,
				C4B50F0A2455BCD4002384A9 /* Resources */,
			);
			buildRules = (
			);
			dependencies = (
				C4B50F0E2455BCD4002384A9 /* PBXTargetDependency */,
			);
			name = ft_linear_regressionUITests;
			productName = ft_linear_regressionUITests;
			productReference = C4B50F0C2455BCD4002384A9 /* ft_linear_regressionUITests.xctest */;
			productType = "com.apple.product-type.bundle.ui-testing";
		};
/* End PBXNativeTarget section */

/* Begin PBXProject section */
		C4B50EE32455BCCF002384A9 /* Project object */ = {
			isa = PBXProject;
			attributes = {
				LastSwiftUpdateCheck = 1130;
				LastUpgradeCheck = 1200;
				ORGANIZATIONNAME = Student21;
				TargetAttributes = {
					C4B50EEA2455BCCF002384A9 = {
						CreatedOnToolsVersion = 11.3.1;
					};
					C4B50F002455BCD4002384A9 = {
						CreatedOnToolsVersion = 11.3.1;
						TestTargetID = C4B50EEA2455BCCF002384A9;
					};
					C4B50F0B2455BCD4002384A9 = {
						CreatedOnToolsVersion = 11.3.1;
						TestTargetID = C4B50EEA2455BCCF002384A9;
					};
				};
			};
			buildConfigurationList = C4B50EE62455BCCF002384A9 /* Build configuration list for PBXProject "ft_linear_regression" */;
			compatibilityVersion = "Xcode 9.3";
			developmentRegion = en;
			hasScannedForEncodings = 0;
			knownRegions = (
				en,
				Base,
			);
			mainGroup = C4B50EE22455BCCF002384A9;
			packageReferences = (
			);
			productRefGroup = C4B50EEC2455BCCF002384A9 /* Products */;
			projectDirPath = "";
			projectReferences = (
				{
					ProductGroup = C456B2E025174CDF00FE22DD /* Products */;
					ProjectRef = C456B2DF25174CDF00FE22DD /* Charts.xcodeproj */;
				},
			);
			projectRoot = "";
			targets = (
				C4B50EEA2455BCCF002384A9 /* ft_linear_regression */,
				C4B50F002455BCD4002384A9 /* ft_linear_regressionTests */,
				C4B50F0B2455BCD4002384A9 /* ft_linear_regressionUITests */,
			);
		};
/* End PBXProject section */

/* Begin PBXReferenceProxy section */
		C456B2E525174CDF00FE22DD /* Charts.framework */ = {
			isa = PBXReferenceProxy;
			fileType = wrapper.framework;
			path = Charts.framework;
			remoteRef = C456B2E425174CDF00FE22DD /* PBXContainerItemProxy */;
			sourceTree = BUILT_PRODUCTS_DIR;
		};
		C456B2E725174CDF00FE22DD /* ChartsTests.xctest */ = {
			isa = PBXReferenceProxy;
			fileType = wrapper.cfbundle;
			path = ChartsTests.xctest;
			remoteRef = C456B2E625174CDF00FE22DD /* PBXContainerItemProxy */;
			sourceTree = BUILT_PRODUCTS_DIR;
		};
/* End PBXReferenceProxy section */

/* Begin PBXResourcesBuildPhase section */
		C4B50EE92455BCCF002384A9 /* Resources */ = {
			isa = PBXResourcesBuildPhase;
			buildActionMask = 2147483647;
			files = (
				C4B50F202455DE72002384A9 /* data.csv in Resources */,
				C4B50EFB2455BCD3002384A9 /* LaunchScreen.storyboard in Resources */,
				C4B50EF82455BCD3002384A9 /* Preview Assets.xcassets in Resources */,
				C4B50EF52455BCD3002384A9 /* Assets.xcassets in Resources */,
			);
			runOnlyForDeploymentPostprocessing = 0;
		};
		C4B50EFF2455BCD4002384A9 /* Resources */ = {
			isa = PBXResourcesBuildPhase;
			buildActionMask = 2147483647;
			files = (
			);
			runOnlyForDeploymentPostprocessing = 0;
		};
		C4B50F0A2455BCD4002384A9 /* Resources */ = {
			isa = PBXResourcesBuildPhase;
			buildActionMask = 2147483647;
			files = (
			);
			runOnlyForDeploymentPostprocessing = 0;
		};
/* End PBXResourcesBuildPhase section */

/* Begin PBXSourcesBuildPhase section */
		C4B50EE72455BCCF002384A9 /* Sources */ = {
			isa = PBXSourcesBuildPhase;
			buildActionMask = 2147483647;
			files = (
				C4D8E2EC24617415000AA11E /* LinearRegression.swift in Sources */,
				C4B50EEF2455BCD0002384A9 /* AppDelegate.swift in Sources */,
				C4B50EF12455BCD0002384A9 /* SceneDelegate.swift in Sources */,
				C4D8E2F02461746A000AA11E /* GradientDescent.swift in Sources */,
				C4B50F242455E439002384A9 /* Data.swift in Sources */,
				C4B50EF32455BCD0002384A9 /* ContentView.swift in Sources */,
				C46AE0DD2467F1880013CE1C /* ParametersView.swift in Sources */,
				C4B7CA0E24702776005EB335 /* PredictionView.swift in Sources */,
				C4B7CA12247050A2005EB335 /* SingleParameterView.swift in Sources */,
				C47B84B82461360300760217 /* LineChartView.swift in Sources */,
			);
			runOnlyForDeploymentPostprocessing = 0;
		};
		C4B50EFD2455BCD4002384A9 /* Sources */ = {
			isa = PBXSourcesBuildPhase;
			buildActionMask = 2147483647;
			files = (
			);
			runOnlyForDeploymentPostprocessing = 0;
		};
		C4B50F082455BCD4002384A9 /* Sources */ = {
			isa = PBXSourcesBuildPhase;
			buildActionMask = 2147483647;
			files = (
			);
			runOnlyForDeploymentPostprocessing = 0;
		};
/* End PBXSourcesBuildPhase section */

/* Begin PBXTargetDependency section */
		C4B50F032455BCD4002384A9 /* PBXTargetDependency */ = {
			isa = PBXTargetDependency;
			target = C4B50EEA2455BCCF002384A9 /* ft_linear_regression */;
			targetProxy = C4B50F022455BCD4002384A9 /* PBXContainerItemProxy */;
		};
		C4B50F0E2455BCD4002384A9 /* PBXTargetDependency */ = {
			isa = PBXTargetDependency;
			target = C4B50EEA2455BCCF002384A9 /* ft_linear_regression */;
			targetProxy = C4B50F0D2455BCD4002384A9 /* PBXContainerItemProxy */;
		};
/* End PBXTargetDependency section */

/* Begin PBXVariantGroup section */
		C4B50EF92455BCD3002384A9 /* LaunchScreen.storyboard */ = {
			isa = PBXVariantGroup;
			children = (
				C4B50EFA2455BCD3002384A9 /* Base */,
			);
			name = LaunchScreen.storyboard;
			sourceTree = "<group>";
		};
/* End PBXVariantGroup section */

/* Begin XCBuildConfiguration section */
		C4B50F132455BCD4002384A9 /* Debug */ = {
			isa = XCBuildConfiguration;
			buildSettings = {
				ALWAYS_SEARCH_USER_PATHS = NO;
				CLANG_ANALYZER_NONNULL = YES;
				CLANG_ANALYZER_NUMBER_OBJECT_CONVERSION = YES_AGGRESSIVE;
				CLANG_CXX_LANGUAGE_STANDARD = "gnu++14";
				CLANG_CXX_LIBRARY = "libc++";
				CLANG_ENABLE_MODULES = YES;
				CLANG_ENABLE_OBJC_ARC = YES;
				CLANG_ENABLE_OBJC_WEAK = YES;
				CLANG_WARN_BLOCK_CAPTURE_AUTORELEASING = YES;
				CLANG_WARN_BOOL_CONVERSION = YES;
				CLANG_WARN_COMMA = YES;
				CLANG_WARN_CONSTANT_CONVERSION = YES;
				CLANG_WARN_DEPRECATED_OBJC_IMPLEMENTATIONS = YES;
				CLANG_WARN_DIRECT_OBJC_ISA_USAGE = YES_ERROR;
				CLANG_WARN_DOCUMENTATION_COMMENTS = YES;
				CLANG_WARN_EMPTY_BODY = YES;
				CLANG_WARN_ENUM_CONVERSION = YES;
				CLANG_WARN_INFINITE_RECURSION = YES;
				CLANG_WARN_INT_CONVERSION = YES;
				CLANG_WARN_NON_LITERAL_NULL_CONVERSION = YES;
				CLANG_WARN_OBJC_IMPLICIT_RETAIN_SELF = YES;
				CLANG_WARN_OBJC_LITERAL_CONVERSION = YES;
				CLANG_WARN_OBJC_ROOT_CLASS = YES_ERROR;
				CLANG_WARN_QUOTED_INCLUDE_IN_FRAMEWORK_HEADER = YES;
				CLANG_WARN_RANGE_LOOP_ANALYSIS = YES;
				CLANG_WARN_STRICT_PROTOTYPES = YES;
				CLANG_WARN_SUSPICIOUS_MOVE = YES;
				CLANG_WARN_UNGUARDED_AVAILABILITY = YES_AGGRESSIVE;
				CLANG_WARN_UNREACHABLE_CODE = YES;
				CLANG_WARN__DUPLICATE_METHOD_MATCH = YES;
				COPY_PHASE_STRIP = NO;
				DEBUG_INFORMATION_FORMAT = dwarf;
				ENABLE_STRICT_OBJC_MSGSEND = YES;
				ENABLE_TESTABILITY = YES;
				GCC_C_LANGUAGE_STANDARD = gnu11;
				GCC_DYNAMIC_NO_PIC = NO;
				GCC_NO_COMMON_BLOCKS = YES;
				GCC_OPTIMIZATION_LEVEL = 0;
				GCC_PREPROCESSOR_DEFINITIONS = (
					"DEBUG=1",
					"$(inherited)",
				);
				GCC_WARN_64_TO_32_BIT_CONVERSION = YES;
				GCC_WARN_ABOUT_RETURN_TYPE = YES_ERROR;
				GCC_WARN_UNDECLARED_SELECTOR = YES;
				GCC_WARN_UNINITIALIZED_AUTOS = YES_AGGRESSIVE;
				GCC_WARN_UNUSED_FUNCTION = YES;
				GCC_WARN_UNUSED_VARIABLE = YES;
				IPHONEOS_DEPLOYMENT_TARGET = 13.2;
				MTL_ENABLE_DEBUG_INFO = INCLUDE_SOURCE;
				MTL_FAST_MATH = YES;
				ONLY_ACTIVE_ARCH = YES;
				SDKROOT = iphoneos;
				SWIFT_ACTIVE_COMPILATION_CONDITIONS = DEBUG;
				SWIFT_OPTIMIZATION_LEVEL = "-Onone";
			};
			name = Debug;
		};
		C4B50F142455BCD4002384A9 /* Release */ = {
			isa = XCBuildConfiguration;
			buildSettings = {
				ALWAYS_SEARCH_USER_PATHS = NO;
				CLANG_ANALYZER_NONNULL = YES;
				CLANG_ANALYZER_NUMBER_OBJECT_CONVERSION = YES_AGGRESSIVE;
				CLANG_CXX_LANGUAGE_STANDARD = "gnu++14";
				CLANG_CXX_LIBRARY = "libc++";
				CLANG_ENABLE_MODULES = YES;
				CLANG_ENABLE_OBJC_ARC = YES;
				CLANG_ENABLE_OBJC_WEAK = YES;
				CLANG_WARN_BLOCK_CAPTURE_AUTORELEASING = YES;
				CLANG_WARN_BOOL_CONVERSION = YES;
				CLANG_WARN_COMMA = YES;
				CLANG_WARN_CONSTANT_CONVERSION = YES;
				CLANG_WARN_DEPRECATED_OBJC_IMPLEMENTATIONS = YES;
				CLANG_WARN_DIRECT_OBJC_ISA_USAGE = YES_ERROR;
				CLANG_WARN_DOCUMENTATION_COMMENTS = YES;
				CLANG_WARN_EMPTY_BODY = YES;
				CLANG_WARN_ENUM_CONVERSION = YES;
				CLANG_WARN_INFINITE_RECURSION = YES;
				CLANG_WARN_INT_CONVERSION = YES;
				CLANG_WARN_NON_LITERAL_NULL_CONVERSION = YES;
				CLANG_WARN_OBJC_IMPLICIT_RETAIN_SELF = YES;
				CLANG_WARN_OBJC_LITERAL_CONVERSION = YES;
				CLANG_WARN_OBJC_ROOT_CLASS = YES_ERROR;
				CLANG_WARN_QUOTED_INCLUDE_IN_FRAMEWORK_HEADER = YES;
				CLANG_WARN_RANGE_LOOP_ANALYSIS = YES;
				CLANG_WARN_STRICT_PROTOTYPES = YES;
				CLANG_WARN_SUSPICIOUS_MOVE = YES;
				CLANG_WARN_UNGUARDED_AVAILABILITY = YES_AGGRESSIVE;
				CLANG_WARN_UNREACHABLE_CODE = YES;
				CLANG_WARN__DUPLICATE_METHOD_MATCH = YES;
				COPY_PHASE_STRIP = NO;
				DEBUG_INFORMATION_FORMAT = "dwarf-with-dsym";
				ENABLE_NS_ASSERTIONS = NO;
				ENABLE_STRICT_OBJC_MSGSEND = YES;
				GCC_C_LANGUAGE_STANDARD = gnu11;
				GCC_NO_COMMON_BLOCKS = YES;
				GCC_WARN_64_TO_32_BIT_CONVERSION = YES;
				GCC_WARN_ABOUT_RETURN_TYPE = YES_ERROR;
				GCC_WARN_UNDECLARED_SELECTOR = YES;
				GCC_WARN_UNINITIALIZED_AUTOS = YES_AGGRESSIVE;
				GCC_WARN_UNUSED_FUNCTION = YES;
				GCC_WARN_UNUSED_VARIABLE = YES;
				IPHONEOS_DEPLOYMENT_TARGET = 13.2;
				MTL_ENABLE_DEBUG_INFO = NO;
				MTL_FAST_MATH = YES;
				SDKROOT = iphoneos;
				SWIFT_COMPILATION_MODE = wholemodule;
				SWIFT_OPTIMIZATION_LEVEL = "-O";
				VALIDATE_PRODUCT = YES;
			};
			name = Release;
		};
		C4B50F162455BCD4002384A9 /* Debug */ = {
			isa = XCBuildConfiguration;
			buildSettings = {
				ASSETCATALOG_COMPILER_APPICON_NAME = AppIcon;
				CODE_SIGN_STYLE = Automatic;
				DEVELOPMENT_ASSET_PATHS = "\"ft_linear_regression/Preview Content\"";
				DEVELOPMENT_TEAM = 7455ZQ2JP5;
				ENABLE_PREVIEWS = YES;
				INFOPLIST_FILE = ft_linear_regression/Info.plist;
				LD_RUNPATH_SEARCH_PATHS = (
					"$(inherited)",
					"@executable_path/Frameworks",
				);
				PRODUCT_BUNDLE_IDENTIFIER = "school.ft-linear-regression";
				PRODUCT_NAME = "$(TARGET_NAME)";
				SWIFT_VERSION = 5.0;
				TARGETED_DEVICE_FAMILY = 1;
			};
			name = Debug;
		};
		C4B50F172455BCD4002384A9 /* Release */ = {
			isa = XCBuildConfiguration;
			buildSettings = {
				ASSETCATALOG_COMPILER_APPICON_NAME = AppIcon;
				CODE_SIGN_STYLE = Automatic;
				DEVELOPMENT_ASSET_PATHS = "\"ft_linear_regression/Preview Content\"";
				DEVELOPMENT_TEAM = 7455ZQ2JP5;
				ENABLE_PREVIEWS = YES;
				INFOPLIST_FILE = ft_linear_regression/Info.plist;
				LD_RUNPATH_SEARCH_PATHS = (
					"$(inherited)",
					"@executable_path/Frameworks",
				);
				PRODUCT_BUNDLE_IDENTIFIER = "school.ft-linear-regression";
				PRODUCT_NAME = "$(TARGET_NAME)";
				SWIFT_VERSION = 5.0;
				TARGETED_DEVICE_FAMILY = 1;
			};
			name = Release;
		};
		C4B50F192455BCD4002384A9 /* Debug */ = {
			isa = XCBuildConfiguration;
			buildSettings = {
				ALWAYS_EMBED_SWIFT_STANDARD_LIBRARIES = YES;
				BUNDLE_LOADER = "$(TEST_HOST)";
				CODE_SIGN_STYLE = Automatic;
				INFOPLIST_FILE = ft_linear_regressionTests/Info.plist;
				IPHONEOS_DEPLOYMENT_TARGET = 13.2;
				LD_RUNPATH_SEARCH_PATHS = (
					"$(inherited)",
					"@executable_path/Frameworks",
					"@loader_path/Frameworks",
				);
				PRODUCT_BUNDLE_IDENTIFIER = "school.ft-linear-regressionTests";
				PRODUCT_NAME = "$(TARGET_NAME)";
				SWIFT_VERSION = 5.0;
				TARGETED_DEVICE_FAMILY = "1,2";
				TEST_HOST = "$(BUILT_PRODUCTS_DIR)/ft_linear_regression.app/ft_linear_regression";
			};
			name = Debug;
		};
		C4B50F1A2455BCD4002384A9 /* Release */ = {
			isa = XCBuildConfiguration;
			buildSettings = {
				ALWAYS_EMBED_SWIFT_STANDARD_LIBRARIES = YES;
				BUNDLE_LOADER = "$(TEST_HOST)";
				CODE_SIGN_STYLE = Automatic;
				INFOPLIST_FILE = ft_linear_regressionTests/Info.plist;
				IPHONEOS_DEPLOYMENT_TARGET = 13.2;
				LD_RUNPATH_SEARCH_PATHS = (
					"$(inherited)",
					"@executable_path/Frameworks",
					"@loader_path/Frameworks",
				);
				PRODUCT_BUNDLE_IDENTIFIER = "school.ft-linear-regressionTests";
				PRODUCT_NAME = "$(TARGET_NAME)";
				SWIFT_VERSION = 5.0;
				TARGETED_DEVICE_FAMILY = "1,2";
				TEST_HOST = "$(BUILT_PRODUCTS_DIR)/ft_linear_regression.app/ft_linear_regression";
			};
			name = Release;
		};
		C4B50F1C2455BCD4002384A9 /* Debug */ = {
			isa = XCBuildConfiguration;
			buildSettings = {
				ALWAYS_EMBED_SWIFT_STANDARD_LIBRARIES = YES;
				CODE_SIGN_STYLE = Automatic;
				INFOPLIST_FILE = ft_linear_regressionUITests/Info.plist;
				LD_RUNPATH_SEARCH_PATHS = (
					"$(inherited)",
					"@executable_path/Frameworks",
					"@loader_path/Frameworks",
				);
				PRODUCT_BUNDLE_IDENTIFIER = "school.ft-linear-regressionUITests";
				PRODUCT_NAME = "$(TARGET_NAME)";
				SWIFT_VERSION = 5.0;
				TARGETED_DEVICE_FAMILY = "1,2";
				TEST_TARGET_NAME = ft_linear_regression;
			};
			name = Debug;
		};
		C4B50F1D2455BCD4002384A9 /* Release */ = {
			isa = XCBuildConfiguration;
			buildSettings = {
				ALWAYS_EMBED_SWIFT_STANDARD_LIBRARIES = YES;
				CODE_SIGN_STYLE = Automatic;
				INFOPLIST_FILE = ft_linear_regressionUITests/Info.plist;
				LD_RUNPATH_SEARCH_PATHS = (
					"$(inherited)",
					"@executable_path/Frameworks",
					"@loader_path/Frameworks",
				);
				PRODUCT_BUNDLE_IDENTIFIER = "school.ft-linear-regressionUITests";
				PRODUCT_NAME = "$(TARGET_NAME)";
				SWIFT_VERSION = 5.0;
				TARGETED_DEVICE_FAMILY = "1,2";
				TEST_TARGET_NAME = ft_linear_regression;
			};
			name = Release;
		};
/* End XCBuildConfiguration section */

/* Begin XCConfigurationList section */
		C4B50EE62455BCCF002384A9 /* Build configuration list for PBXProject "ft_linear_regression" */ = {
			isa = XCConfigurationList;
			buildConfigurations = (
				C4B50F132455BCD4002384A9 /* Debug */,
				C4B50F142455BCD4002384A9 /* Release */,
			);
			defaultConfigurationIsVisible = 0;
			defaultConfigurationName = Debug;
		};
		C4B50F152455BCD4002384A9 /* Build configuration list for PBXNativeTarget "ft_linear_regression" */ = {
			isa = XCConfigurationList;
			buildConfigurations = (
				C4B50F162455BCD4002384A9 /* Debug */,
				C4B50F172455BCD4002384A9 /* Release */,
			);
			defaultConfigurationIsVisible = 0;
			defaultConfigurationName = Debug;
		};
		C4B50F182455BCD4002384A9 /* Build configuration list for PBXNativeTarget "ft_linear_regressionTests" */ = {
			isa = XCConfigurationList;
			buildConfigurations = (
				C4B50F192455BCD4002384A9 /* Debug */,
				C4B50F1A2455BCD4002384A9 /* Release */,
			);
			defaultConfigurationIsVisible = 0;
			defaultConfigurationName = Debug;
		};
		C4B50F1B2455BCD4002384A9 /* Build configuration list for PBXNativeTarget "ft_linear_regressionUITests" */ = {
			isa = XCConfigurationList;
			buildConfigurations = (
				C4B50F1C2455BCD4002384A9 /* Debug */,
				C4B50F1D2455BCD4002384A9 /* Release */,
			);
			defaultConfigurationIsVisible = 0;
			defaultConfigurationName = Debug;
		};
/* End XCConfigurationList section */
	};
	rootObject = C4B50EE32455BCCF002384A9 /* Project object */;
}
